{
  "name": "d3js-visualization-library-guide",
  "version": "1.0.0",
  "lockfileVersion": 1,
  "requires": true,
  "dependencies": {
    "async": {
      "version": "1.5.2",
      "resolved": "https://registry.npmjs.org/async/-/async-1.5.2.tgz",
      "integrity": "sha1-7GphrlZIDAw8skHJVhjiCJL5Zyo="
    },
    "bootstrap": {
      "version": "4.0.0",
      "resolved": "https://registry.npmjs.org/bootstrap/-/bootstrap-4.0.0.tgz",
      "integrity": "sha512-gulJE5dGFo6Q61V/whS6VM4WIyrlydXfCgkE+Gxe5hjrJ8rXLLZlALq7zq2RPhOc45PSwQpJkrTnc2KgD6cvmA=="
    },
    "colors": {
      "version": "1.0.3",
      "resolved": "https://registry.npmjs.org/colors/-/colors-1.0.3.tgz",
      "integrity": "sha1-BDP0TYCWgP3rYO0mDxsMJi6CpAs="
    },
    "commander": {
      "version": "2.13.0",
      "resolved": "https://registry.npmjs.org/commander/-/commander-2.13.0.tgz",
      "integrity": "sha512-MVuS359B+YzaWqjCL/c+22gfryv+mCBPHAv3zyVI2GN8EY6IRP8VwtasXn8jyyhvvq84R4ImN1OKRtcbIasjYA=="
    },
    "corser": {
      "version": "2.0.1",
      "resolved": "https://registry.npmjs.org/corser/-/corser-2.0.1.tgz",
      "integrity": "sha1-jtolLsqrWEDc2XXOuQ2TcMgZ/4c="
    },
    "d3": {
      "version": "4.12.2",
      "resolved": "https://registry.npmjs.org/d3/-/d3-4.12.2.tgz",
      "integrity": "sha512-aKAlpgTmpuGeEpezB+GvPpX1x+gCMs/PHpuse6sCpkgw4Un3ZeqUobIc87eIy9adcl+wxPAnEyKyO5oulH3MOw==",
      "requires": {
        "d3-array": "1.2.1",
        "d3-axis": "1.0.8",
        "d3-brush": "1.0.4",
        "d3-chord": "1.0.4",
        "d3-collection": "1.0.4",
        "d3-color": "1.0.3",
        "d3-dispatch": "1.0.3",
        "d3-drag": "1.2.1",
        "d3-dsv": "1.0.8",
        "d3-ease": "1.0.3",
        "d3-force": "1.1.0",
        "d3-format": "1.2.1",
        "d3-geo": "1.9.1",
        "d3-hierarchy": "1.1.5",
        "d3-interpolate": "1.1.6",
        "d3-path": "1.0.5",
        "d3-polygon": "1.0.3",
        "d3-quadtree": "1.0.3",
        "d3-queue": "3.0.7",
        "d3-random": "1.1.0",
        "d3-request": "1.0.6",
        "d3-scale": "1.0.7",
        "d3-selection": "1.2.0",
        "d3-shape": "1.2.0",
        "d3-time": "1.0.8",
        "d3-time-format": "2.1.1",
        "d3-timer": "1.0.7",
        "d3-transition": "1.1.1",
        "d3-voronoi": "1.1.2",
        "d3-zoom": "1.7.1"
      }
    },
    "d3-array": {
      "version": "1.2.1",
      "resolved": "https://registry.npmjs.org/d3-array/-/d3-array-1.2.1.tgz",
      "integrity": "sha512-CyINJQ0SOUHojDdFDH4JEM0552vCR1utGyLHegJHyYH0JyCpSeTPxi4OBqHMA2jJZq4NH782LtaJWBImqI/HBw=="
    },
    "d3-axis": {
      "version": "1.0.8",
      "resolved": "https://registry.npmjs.org/d3-axis/-/d3-axis-1.0.8.tgz",
      "integrity": "sha1-MacFoLU15ldZ3hQXOjGTMTfxjvo="
    },
    "d3-brush": {
      "version": "1.0.4",
      "resolved": "https://registry.npmjs.org/d3-brush/-/d3-brush-1.0.4.tgz",
      "integrity": "sha1-AMLyOAGfJPbAoZSibUGhUw/+e8Q=",
      "requires": {
        "d3-dispatch": "1.0.3",
        "d3-drag": "1.2.1",
        "d3-interpolate": "1.1.6",
        "d3-selection": "1.2.0",
        "d3-transition": "1.1.1"
      }
    },
    "d3-chord": {
      "version": "1.0.4",
      "resolved": "https://registry.npmjs.org/d3-chord/-/d3-chord-1.0.4.tgz",
      "integrity": "sha1-fexPC6iG9xP+ERxF92NBT290yiw=",
      "requires": {
        "d3-array": "1.2.1",
        "d3-path": "1.0.5"
      }
    },
    "d3-collection": {
      "version": "1.0.4",
      "resolved": "https://registry.npmjs.org/d3-collection/-/d3-collection-1.0.4.tgz",
      "integrity": "sha1-NC39EoN8kJdPM/HMCnha6lcNzcI="
    },
    "d3-color": {
      "version": "1.0.3",
      "resolved": "https://registry.npmjs.org/d3-color/-/d3-color-1.0.3.tgz",
      "integrity": "sha1-vHZD/KjlOoNH4vva/6I2eWtYUJs="
    },
    "d3-dispatch": {
      "version": "1.0.3",
      "resolved": "https://registry.npmjs.org/d3-dispatch/-/d3-dispatch-1.0.3.tgz",
      "integrity": "sha1-RuFJHqqbWMNY/OW+TovtYm54cfg="
    },
    "d3-drag": {
      "version": "1.2.1",
      "resolved": "https://registry.npmjs.org/d3-drag/-/d3-drag-1.2.1.tgz",
      "integrity": "sha512-Cg8/K2rTtzxzrb0fmnYOUeZHvwa4PHzwXOLZZPwtEs2SKLLKLXeYwZKBB+DlOxUvFmarOnmt//cU4+3US2lyyQ==",
      "requires": {
        "d3-dispatch": "1.0.3",
        "d3-selection": "1.2.0"
      }
    },
    "d3-dsv": {
      "version": "1.0.8",
      "resolved": "https://registry.npmjs.org/d3-dsv/-/d3-dsv-1.0.8.tgz",
      "integrity": "sha512-IVCJpQ+YGe3qu6odkPQI0KPqfxkhbP/oM1XhhE/DFiYmcXKfCRub4KXyiuehV1d4drjWVXHUWx4gHqhdZb6n/A==",
      "requires": {
        "commander": "2.13.0",
        "iconv-lite": "0.4.19",
        "rw": "1.3.3"
      }
    },
    "d3-ease": {
      "version": "1.0.3",
      "resolved": "https://registry.npmjs.org/d3-ease/-/d3-ease-1.0.3.tgz",
      "integrity": "sha1-aL+8NJM4o4DETYrMT7wzBKotjA4="
    },
    "d3-force": {
      "version": "1.1.0",
      "resolved": "https://registry.npmjs.org/d3-force/-/d3-force-1.1.0.tgz",
      "integrity": "sha512-2HVQz3/VCQs0QeRNZTYb7GxoUCeb6bOzMp/cGcLa87awY9ZsPvXOGeZm0iaGBjXic6I1ysKwMn+g+5jSAdzwcg==",
      "requires": {
        "d3-collection": "1.0.4",
        "d3-dispatch": "1.0.3",
        "d3-quadtree": "1.0.3",
        "d3-timer": "1.0.7"
      }
    },
    "d3-format": {
      "version": "1.2.1",
      "resolved": "https://registry.npmjs.org/d3-format/-/d3-format-1.2.1.tgz",
      "integrity": "sha512-U4zRVLDXW61bmqoo+OJ/V687e1T5nVd3TAKAJKgtpZ/P1JsMgyod0y9br+mlQOryTAACdiXI3wCjuERHFNp91w=="
    },
    "d3-geo": {
      "version": "1.9.1",
      "resolved": "https://registry.npmjs.org/d3-geo/-/d3-geo-1.9.1.tgz",
      "integrity": "sha512-l9wL/cEQkyZQYXw3xbmLsH3eQ5ij+icNfo4r0GrLa5rOCZR/e/3am45IQ0FvQ5uMsv+77zBRunLc9ufTWSQYFA==",
      "requires": {
        "d3-array": "1.2.1"
      }
    },
    "d3-hierarchy": {
      "version": "1.1.5",
      "resolved": "https://registry.npmjs.org/d3-hierarchy/-/d3-hierarchy-1.1.5.tgz",
      "integrity": "sha1-ochFxC+Eoga88cAcAQmOpN2qeiY="
    },
    "d3-interpolate": {
      "version": "1.1.6",
      "resolved": "https://registry.npmjs.org/d3-interpolate/-/d3-interpolate-1.1.6.tgz",
      "integrity": "sha512-mOnv5a+pZzkNIHtw/V6I+w9Lqm9L5bG3OTXPM5A+QO0yyVMQ4W1uZhR+VOJmazaOZXri2ppbiZ5BUNWT0pFM9A==",
      "requires": {
        "d3-color": "1.0.3"
      }
    },
    "d3-path": {
      "version": "1.0.5",
      "resolved": "https://registry.npmjs.org/d3-path/-/d3-path-1.0.5.tgz",
      "integrity": "sha1-JB6xhJvZ6egCHA0KeZ+KDo5EF2Q="
    },
    "d3-polygon": {
      "version": "1.0.3",
      "resolved": "https://registry.npmjs.org/d3-polygon/-/d3-polygon-1.0.3.tgz",
      "integrity": "sha1-FoiOkCZGCTPysXllKtN4Ik04LGI="
    },
    "d3-quadtree": {
      "version": "1.0.3",
      "resolved": "https://registry.npmjs.org/d3-quadtree/-/d3-quadtree-1.0.3.tgz",
      "integrity": "sha1-rHmH4+I/6AWpkPKOG1DTj8uCJDg="
    },
    "d3-queue": {
      "version": "3.0.7",
      "resolved": "https://registry.npmjs.org/d3-queue/-/d3-queue-3.0.7.tgz",
      "integrity": "sha1-yTouVLQXwJWRKdfXP2z31Ckudhg="
    },
    "d3-random": {
      "version": "1.1.0",
      "resolved": "https://registry.npmjs.org/d3-random/-/d3-random-1.1.0.tgz",
      "integrity": "sha1-ZkLlBsb6OmSFldKyRpeIqNElKdM="
    },
    "d3-request": {
      "version": "1.0.6",
      "resolved": "https://registry.npmjs.org/d3-request/-/d3-request-1.0.6.tgz",
      "integrity": "sha512-FJj8ySY6GYuAJHZMaCQ83xEYE4KbkPkmxZ3Hu6zA1xxG2GD+z6P+Lyp+zjdsHf0xEbp2xcluDI50rCS855EQ6w==",
      "requires": {
        "d3-collection": "1.0.4",
        "d3-dispatch": "1.0.3",
        "d3-dsv": "1.0.8",
        "xmlhttprequest": "1.8.0"
      }
    },
    "d3-scale": {
      "version": "1.0.7",
      "resolved": "https://registry.npmjs.org/d3-scale/-/d3-scale-1.0.7.tgz",
      "integrity": "sha512-KvU92czp2/qse5tUfGms6Kjig0AhHOwkzXG0+PqIJB3ke0WUv088AHMZI0OssO9NCkXt4RP8yju9rpH8aGB7Lw==",
      "requires": {
        "d3-array": "1.2.1",
        "d3-collection": "1.0.4",
        "d3-color": "1.0.3",
        "d3-format": "1.2.1",
        "d3-interpolate": "1.1.6",
        "d3-time": "1.0.8",
        "d3-time-format": "2.1.1"
      }
    },
    "d3-selection": {
      "version": "1.2.0",
      "resolved": "https://registry.npmjs.org/d3-selection/-/d3-selection-1.2.0.tgz",
      "integrity": "sha512-xW2Pfcdzh1gOaoI+LGpPsLR2VpBQxuFoxvrvguK8ZmrJbPIVvfNG6pU6GNfK41D6Qz15sj61sbW/AFYuukwaLQ=="
    },
    "d3-shape": {
      "version": "1.2.0",
      "resolved": "https://registry.npmjs.org/d3-shape/-/d3-shape-1.2.0.tgz",
      "integrity": "sha1-RdAVOPBkuv0F6j1tLLdI/YxB93c=",
      "requires": {
        "d3-path": "1.0.5"
      }
    },
    "d3-time": {
      "version": "1.0.8",
      "resolved": "https://registry.npmjs.org/d3-time/-/d3-time-1.0.8.tgz",
      "integrity": "sha512-YRZkNhphZh3KcnBfitvF3c6E0JOFGikHZ4YqD+Lzv83ZHn1/u6yGenRU1m+KAk9J1GnZMnKcrtfvSktlA1DXNQ=="
    },
    "d3-time-format": {
      "version": "2.1.1",
      "resolved": "https://registry.npmjs.org/d3-time-format/-/d3-time-format-2.1.1.tgz",
      "integrity": "sha512-8kAkymq2WMfzW7e+s/IUNAtN/y3gZXGRrdGfo6R8NKPAA85UBTxZg5E61bR6nLwjPjj4d3zywSQe1CkYLPFyrw==",
      "requires": {
        "d3-time": "1.0.8"
      }
    },
    "d3-timer": {
      "version": "1.0.7",
      "resolved": "https://registry.npmjs.org/d3-timer/-/d3-timer-1.0.7.tgz",
      "integrity": "sha512-vMZXR88XujmG/L5oB96NNKH5lCWwiLM/S2HyyAQLcjWJCloK5shxta4CwOFYLZoY3AWX73v8Lgv4cCAdWtRmOA=="
    },
    "d3-transition": {
      "version": "1.1.1",
      "resolved": "https://registry.npmjs.org/d3-transition/-/d3-transition-1.1.1.tgz",
      "integrity": "sha512-xeg8oggyQ+y5eb4J13iDgKIjUcEfIOZs2BqV/eEmXm2twx80wTzJ4tB4vaZ5BKfz7XsI/DFmQL5me6O27/5ykQ==",
      "requires": {
        "d3-color": "1.0.3",
        "d3-dispatch": "1.0.3",
        "d3-ease": "1.0.3",
        "d3-interpolate": "1.1.6",
        "d3-selection": "1.2.0",
        "d3-timer": "1.0.7"
      }
    },
    "d3-voronoi": {
      "version": "1.1.2",
      "resolved": "https://registry.npmjs.org/d3-voronoi/-/d3-voronoi-1.1.2.tgz",
      "integrity": "sha1-Fodmfo8TotFYyAwUgMWinLDYlzw="
    },
    "d3-zoom": {
      "version": "1.7.1",
      "resolved": "https://registry.npmjs.org/d3-zoom/-/d3-zoom-1.7.1.tgz",
      "integrity": "sha512-sZHQ55DGq5BZBFGnRshUT8tm2sfhPHFnOlmPbbwTkAoPeVdRTkB4Xsf9GCY0TSHrTD8PeJPZGmP/TpGicwJDJQ==",
      "requires": {
        "d3-dispatch": "1.0.3",
        "d3-drag": "1.2.1",
        "d3-interpolate": "1.1.6",
        "d3-selection": "1.2.0",
        "d3-transition": "1.1.1"
      }
    },
    "d3fc": {
      "version": "13.1.1",
      "resolved": "https://registry.npmjs.org/d3fc/-/d3fc-13.1.1.tgz",
      "integrity": "sha1-6JHdDE4NveanrwAtmIdv3aCyQU4=",
      "requires": {
        "d3fc-annotation": "1.1.0",
        "d3fc-axis": "1.0.3",
        "d3fc-brush": "1.0.1",
        "d3fc-chart": "1.4.1",
        "d3fc-data-join": "4.1.1",
        "d3fc-discontinuous-scale": "2.0.5",
        "d3fc-element": "3.0.1",
        "d3fc-extent": "2.2.1",
        "d3fc-financial-feed": "3.0.0",
        "d3fc-group": "1.0.0",
        "d3fc-label-layout": "5.1.0",
        "d3fc-pointer": "1.0.3",
        "d3fc-random-data": "1.1.0",
        "d3fc-rebind": "4.1.1",
        "d3fc-sample": "3.0.4",
        "d3fc-series": "3.1.1",
        "d3fc-shape": "4.0.1",
        "d3fc-technical-indicator": "6.1.1"
      }
    },
    "d3fc-annotation": {
      "version": "1.1.0",
      "resolved": "https://registry.npmjs.org/d3fc-annotation/-/d3fc-annotation-1.1.0.tgz",
      "integrity": "sha1-VG6My3y3dXW0QNhPdzE4jcGwruA=",
      "requires": {
        "d3-scale": "1.0.7",
        "d3-selection": "1.2.0",
        "d3fc-data-join": "4.1.1",
        "d3fc-rebind": "4.1.1",
        "d3fc-series": "1.2.3",
        "d3fc-shape": "4.0.1"
      },
      "dependencies": {
        "d3fc-series": {
          "version": "1.2.3",
          "resolved": "https://registry.npmjs.org/d3fc-series/-/d3fc-series-1.2.3.tgz",
          "integrity": "sha1-uxD+LBwexS7jjiqRttEUUm6v5Tc=",
          "requires": {
            "d3-array": "1.2.1",
            "d3-scale": "1.0.7",
            "d3-selection": "1.2.0",
            "d3-shape": "1.2.0",
            "d3fc-data-join": "4.1.1",
            "d3fc-rebind": "4.1.1",
            "d3fc-shape": "4.0.1"
          }
        }
      }
    },
    "d3fc-axis": {
      "version": "1.0.3",
      "resolved": "https://registry.npmjs.org/d3fc-axis/-/d3fc-axis-1.0.3.tgz",
      "integrity": "sha1-GXjCPYIjKXu64GZ+gc/aXTcyWY4=",
      "requires": {
        "d3-scale": "1.0.7",
        "d3-selection": "1.2.0",
        "d3-shape": "1.2.0",
        "d3fc-data-join": "4.1.1",
        "d3fc-rebind": "4.1.1"
      }
    },
    "d3fc-brush": {
      "version": "1.0.1",
      "resolved": "https://registry.npmjs.org/d3fc-brush/-/d3fc-brush-1.0.1.tgz",
      "integrity": "sha1-6mRtm2mNMZbOTgtFoILjxvrrJs4=",
      "requires": {
        "d3-brush": "1.0.4",
        "d3-dispatch": "1.0.3",
        "d3-scale": "1.0.7",
        "d3-selection": "1.2.0",
        "d3fc-data-join": "4.1.1",
        "d3fc-rebind": "4.1.1"
      }
    },
    "d3fc-chart": {
      "version": "1.4.1",
      "resolved": "https://registry.npmjs.org/d3fc-chart/-/d3fc-chart-1.4.1.tgz",
      "integrity": "sha1-uvTogM46wuLwGpHorqgEsInrYIc=",
      "requires": {
        "d3-scale": "1.0.7",
        "d3-selection": "1.2.0",
        "d3fc-axis": "1.0.3",
        "d3fc-data-join": "4.1.1",
        "d3fc-element": "3.0.1",
        "d3fc-rebind": "4.1.1",
        "d3fc-series": "2.1.0"
      },
      "dependencies": {
        "d3fc-series": {
          "version": "2.1.0",
          "resolved": "https://registry.npmjs.org/d3fc-series/-/d3fc-series-2.1.0.tgz",
          "integrity": "sha1-cQTu2BSaCySh/BYbD+7b/4XLKy8=",
          "requires": {
            "d3-array": "1.2.1",
            "d3-scale": "1.0.7",
            "d3-selection": "1.2.0",
            "d3-shape": "1.2.0",
            "d3fc-data-join": "4.1.1",
            "d3fc-rebind": "4.1.1",
            "d3fc-shape": "4.0.1"
          }
        }
      }
    },
    "d3fc-data-join": {
      "version": "4.1.1",
      "resolved": "https://registry.npmjs.org/d3fc-data-join/-/d3fc-data-join-4.1.1.tgz",
      "integrity": "sha1-2/NA2f/8pLFxOutR5NffmMRbKtk=",
      "requires": {
        "d3-selection": "1.2.0"
      }
    },
    "d3fc-discontinuous-scale": {
      "version": "2.0.5",
      "resolved": "https://registry.npmjs.org/d3fc-discontinuous-scale/-/d3fc-discontinuous-scale-2.0.5.tgz",
      "integrity": "sha1-Lxkb6wLX+QOZ123tbz5Ll6CNtTU=",
      "requires": {
        "d3-scale": "1.0.7",
        "d3-time": "1.0.8",
        "d3fc-rebind": "4.1.1"
      }
    },
    "d3fc-element": {
      "version": "3.0.1",
      "resolved": "https://registry.npmjs.org/d3fc-element/-/d3fc-element-3.0.1.tgz",
      "integrity": "sha1-1QSa85XyQ4HcwKYXVmSqojGuuvI=",
      "requires": {
        "d3-selection": "1.2.0",
        "document-register-element": "1.7.2"
      }
    },
    "d3fc-extent": {
      "version": "2.2.1",
      "resolved": "https://registry.npmjs.org/d3fc-extent/-/d3fc-extent-2.2.1.tgz",
      "integrity": "sha1-7pleMTk7NkJXrbXen2PoobD3ZBM=",
      "requires": {
        "d3-array": "1.2.1"
      }
    },
    "d3fc-financial-feed": {
      "version": "3.0.0",
      "resolved": "https://registry.npmjs.org/d3fc-financial-feed/-/d3fc-financial-feed-3.0.0.tgz",
      "integrity": "sha1-y/qRtc2uHuJPoHn0i9tfc3Q9P0E=",
      "requires": {
        "d3-request": "1.0.6"
      }
    },
    "d3fc-group": {
      "version": "1.0.0",
      "resolved": "https://registry.npmjs.org/d3fc-group/-/d3fc-group-1.0.0.tgz",
      "integrity": "sha1-7v7yLksbgHJMkwIBNPs04EzoC2I="
    },
    "d3fc-label-layout": {
      "version": "5.1.0",
      "resolved": "https://registry.npmjs.org/d3fc-label-layout/-/d3fc-label-layout-5.1.0.tgz",
      "integrity": "sha1-k6ZzB5xFBGcIgfEa40uDIJlIYWU=",
      "requires": {
        "d3-array": "1.2.1",
        "d3-scale": "1.0.7",
        "d3-selection": "1.2.0",
        "d3fc-data-join": "2.0.0",
        "d3fc-rebind": "4.1.1"
      },
      "dependencies": {
        "d3fc-data-join": {
          "version": "2.0.0",
          "resolved": "https://registry.npmjs.org/d3fc-data-join/-/d3fc-data-join-2.0.0.tgz",
          "integrity": "sha1-nLefvDW78MX+4fLZMu/sLfVPzPE=",
          "requires": {
            "d3-selection": "1.2.0",
            "d3-transition": "1.1.1"
          }
        }
      }
    },
    "d3fc-pointer": {
      "version": "1.0.3",
      "resolved": "https://registry.npmjs.org/d3fc-pointer/-/d3fc-pointer-1.0.3.tgz",
      "integrity": "sha1-Ij5jGmAvPjSGL6dgX51LYCf6aCc=",
      "requires": {
        "d3-dispatch": "1.0.3",
        "d3-selection": "1.2.0",
        "d3fc-rebind": "4.1.1"
      }
    },
    "d3fc-random-data": {
      "version": "1.1.0",
      "resolved": "https://registry.npmjs.org/d3fc-random-data/-/d3fc-random-data-1.1.0.tgz",
      "integrity": "sha1-aMoK/zNirVoolbx/qyXZXwy/FX8=",
      "requires": {
        "d3-random": "1.1.0",
        "d3-time": "1.0.8",
        "d3fc-rebind": "4.1.1"
      }
    },
    "d3fc-rebind": {
      "version": "4.1.1",
      "resolved": "https://registry.npmjs.org/d3fc-rebind/-/d3fc-rebind-4.1.1.tgz",
      "integrity": "sha1-cMjWtj/uY9uzy1d8aHMt7VNfmzI="
    },
    "d3fc-sample": {
      "version": "3.0.4",
      "resolved": "https://registry.npmjs.org/d3fc-sample/-/d3fc-sample-3.0.4.tgz",
      "integrity": "sha1-O1Z0zWA2ul7LpEQoKGmsrEgujCY=",
      "requires": {
        "d3-array": "1.2.1",
        "d3fc-rebind": "4.1.1"
      }
    },
    "d3fc-series": {
      "version": "3.1.1",
      "resolved": "https://registry.npmjs.org/d3fc-series/-/d3fc-series-3.1.1.tgz",
      "integrity": "sha1-UH9JX5IiI6yMJasdmU44YD2Y1W8=",
      "requires": {
        "d3-array": "1.2.1",
        "d3-scale": "1.0.7",
        "d3-selection": "1.2.0",
        "d3-shape": "1.2.0",
        "d3fc-data-join": "4.1.1",
        "d3fc-rebind": "4.1.1",
        "d3fc-shape": "4.0.1"
      }
    },
    "d3fc-shape": {
      "version": "4.0.1",
      "resolved": "https://registry.npmjs.org/d3fc-shape/-/d3fc-shape-4.0.1.tgz",
      "integrity": "sha1-nmSijkEB+RGoqFPU+B7Jde3Oguw=",
      "requires": {
        "d3-path": "1.0.5"
      }
    },
    "d3fc-technical-indicator": {
      "version": "6.1.1",
      "resolved": "https://registry.npmjs.org/d3fc-technical-indicator/-/d3fc-technical-indicator-6.1.1.tgz",
      "integrity": "sha1-OhXp4lnsF9M+0YI1+pGc45dxvwQ=",
      "requires": {
        "d3-array": "1.2.1",
        "d3fc-rebind": "4.1.1"
      }
    },
    "debug": {
      "version": "2.6.9",
      "resolved": "https://registry.npmjs.org/debug/-/debug-2.6.9.tgz",
      "integrity": "sha512-bC7ElrdJaJnPbAP+1EotYvqZsb3ecl5wi6Bfi6BJTUcNowp6cvspg0jXznRTKDjm/E7AdgFBVeAPVMNcKGsHMA==",
      "requires": {
        "ms": "2.0.0"
      }
    },
    "document-register-element": {
      "version": "1.7.2",
      "resolved": "https://registry.npmjs.org/document-register-element/-/document-register-element-1.7.2.tgz",
      "integrity": "sha512-E+y3qJgckbXK/Ev+jPIF+ussxJRaFRIxYCAkxeYcTdccuQoPw5emVWXkox6JnMejFryjlCs/sw2cokMO2lHxjQ==",
      "requires": {
        "lightercollective": "0.0.0"
      }
    },
    "ecstatic": {
      "version": "3.1.1",
      "resolved": "https://registry.npmjs.org/ecstatic/-/ecstatic-3.1.1.tgz",
      "integrity": "sha512-D9UcjcxDMMqjaQxC0mSsFh/IjJSdiZVPnHrhjHuKXlhLByk5QGGPX1GUIDIjRzhTq4UDCPYwWblw79VBEh3r1w==",
      "requires": {
        "he": "1.1.1",
        "mime": "1.6.0",
        "minimist": "1.2.0",
        "url-join": "2.0.5"
      }
    },
    "eventemitter3": {
      "version": "1.2.0",
      "resolved": "https://registry.npmjs.org/eventemitter3/-/eventemitter3-1.2.0.tgz",
      "integrity": "sha1-HIaZHYFq0eUEdQ5zh0Ik7PO+xQg="
    },
    "he": {
      "version": "1.1.1",
      "resolved": "https://registry.npmjs.org/he/-/he-1.1.1.tgz",
      "integrity": "sha1-k0EP0hsAlzUVH4howvJx80J+I/0="
    },
    "http": {
      "version": "0.0.0",
      "resolved": "https://registry.npmjs.org/http/-/http-0.0.0.tgz",
      "integrity": "sha1-huYybSnF0Dnen6xYSkVon5KfT3I="
    },
    "http-proxy": {
      "version": "1.16.2",
      "resolved": "https://registry.npmjs.org/http-proxy/-/http-proxy-1.16.2.tgz",
      "integrity": "sha1-Bt/ykpUr9k2+hHH6nfcwZtTzd0I=",
      "requires": {
        "eventemitter3": "1.2.0",
        "requires-port": "1.0.0"
      }
    },
    "http-server": {
      "version": "0.11.1",
      "resolved": "https://registry.npmjs.org/http-server/-/http-server-0.11.1.tgz",
      "integrity": "sha512-6JeGDGoujJLmhjiRGlt8yK8Z9Kl0vnl/dQoQZlc4oeqaUoAKQg94NILLfrY3oWzSyFaQCVNTcKE5PZ3cH8VP9w==",
      "requires": {
        "colors": "1.0.3",
        "corser": "2.0.1",
        "ecstatic": "3.1.1",
        "http-proxy": "1.16.2",
        "opener": "1.4.3",
        "optimist": "0.6.1",
        "portfinder": "1.0.13",
        "union": "0.4.6"
      }
    },
    "iconv-lite": {
      "version": "0.4.19",
      "resolved": "https://registry.npmjs.org/iconv-lite/-/iconv-lite-0.4.19.tgz",
      "integrity": "sha512-oTZqweIP51xaGPI4uPa56/Pri/480R+mo7SeU+YETByQNhDG55ycFyNLIgta9vXhILrxXDmF7ZGhqZIcuN0gJQ=="
    },
    "lightercollective": {
      "version": "0.0.0",
      "resolved": "https://registry.npmjs.org/lightercollective/-/lightercollective-0.0.0.tgz",
      "integrity": "sha512-4SdGgHgQjlqhk90QxAYsltGEI6HHt30xy9fOIPKi+c3vcGRcpPDtzm6+kxr1N9ixkrx/ngMhTCe/VpBc/HmNBQ=="
    },
    "mime": {
      "version": "1.6.0",
      "resolved": "https://registry.npmjs.org/mime/-/mime-1.6.0.tgz",
      "integrity": "sha512-x0Vn8spI+wuJ1O6S7gnbaQg8Pxh4NNHb7KSINmEWKiPE4RKOplvijn+NkmYmmRgP68mc70j2EbeTFRsrswaQeg=="
    },
    "minimist": {
      "version": "1.2.0",
      "resolved": "https://registry.npmjs.org/minimist/-/minimist-1.2.0.tgz",
      "integrity": "sha1-o1AIsg9BOD7sH7kU9M1d95omQoQ="
    },
    "mkdirp": {
      "version": "0.5.1",
      "resolved": "https://registry.npmjs.org/mkdirp/-/mkdirp-0.5.1.tgz",
      "integrity": "sha1-MAV0OOrGz3+MR2fzhkjWaX11yQM=",
      "requires": {
        "minimist": "0.0.8"
      },
      "dependencies": {
        "minimist": {
          "version": "0.0.8",
          "resolved": "https://registry.npmjs.org/minimist/-/minimist-0.0.8.tgz",
          "integrity": "sha1-hX/Kv8M5fSYluCKCYuhqp6ARsF0="
        }
      }
    },
    "moment": {
      "version": "2.21.0",
      "resolved": "https://registry.npmjs.org/moment/-/moment-2.21.0.tgz",
      "integrity": "sha512-TCZ36BjURTeFTM/CwRcViQlfkMvL1/vFISuNLO5GkcVm1+QHfbSiNqZuWeMFjj1/3+uAjXswgRk30j1kkLYJBQ=="
    },
    "ms": {
      "version": "2.0.0",
      "resolved": "https://registry.npmjs.org/ms/-/ms-2.0.0.tgz",
      "integrity": "sha1-VgiurfwAvmwpAd9fmGF4jeDVl8g="
    },
    "opener": {
      "version": "1.4.3",
      "resolved": "https://registry.npmjs.org/opener/-/opener-1.4.3.tgz",
      "integrity": "sha1-XG2ixdflgx6P+jlklQ+NZnSskLg="
    },
    "optimist": {
      "version": "0.6.1",
      "resolved": "https://registry.npmjs.org/optimist/-/optimist-0.6.1.tgz",
      "integrity": "sha1-2j6nRob6IaGaERwybpDrFaAZZoY=",
      "requires": {
        "minimist": "0.0.10",
        "wordwrap": "0.0.3"
      },
      "dependencies": {
        "minimist": {
          "version": "0.0.10",
          "resolved": "https://registry.npmjs.org/minimist/-/minimist-0.0.10.tgz",
          "integrity": "sha1-3j+YVD2/lggr5IrRoMfNqDYwHc8="
        }
      }
    },
    "portfinder": {
      "version": "1.0.13",
      "resolved": "https://registry.npmjs.org/portfinder/-/portfinder-1.0.13.tgz",
      "integrity": "sha1-uzLs2HwnEErm7kS1o8y/Drsa7ek=",
      "requires": {
        "async": "1.5.2",
        "debug": "2.6.9",
        "mkdirp": "0.5.1"
      }
    },
    "qs": {
      "version": "2.3.3",
      "resolved": "https://registry.npmjs.org/qs/-/qs-2.3.3.tgz",
      "integrity": "sha1-6eha2+ddoLvkyOBHaghikPhjtAQ="
    },
    "requires-port": {
      "version": "1.0.0",
      "resolved": "https://registry.npmjs.org/requires-port/-/requires-port-1.0.0.tgz",
      "integrity": "sha1-kl0mAdOaxIXgkc8NpcbmlNw9yv8="
    },
    "rw": {
      "version": "1.3.3",
      "resolved": "https://registry.npmjs.org/rw/-/rw-1.3.3.tgz",
      "integrity": "sha1-P4Yt+pGrdmsUiF700BEkv9oHT7Q="
    },
    "union": {
      "version": "0.4.6",
      "resolved": "https://registry.npmjs.org/union/-/union-0.4.6.tgz",
      "integrity": "sha1-GY+9rrolTniLDvy2MLwR8kopWeA=",
      "requires": {
        "qs": "2.3.3"
      }
    },
    "url-join": {
      "version": "2.0.5",
      "resolved": "https://registry.npmjs.org/url-join/-/url-join-2.0.5.tgz",
      "integrity": "sha1-WvIvGMBSoACkjXuCxenC4v7tpyg="
    },
    "wordwrap": {
      "version": "0.0.3",
      "resolved": "https://registry.npmjs.org/wordwrap/-/wordwrap-0.0.3.tgz",
      "integrity": "sha1-o9XabNXAvAAI03I0u68b7WMFkQc="
    },
    "xmlhttprequest": {
      "version": "1.8.0",
      "resolved": "https://registry.npmjs.org/xmlhttprequest/-/xmlhttprequest-1.8.0.tgz",
      "integrity": "sha1-Z/4HXFwk/vOfnWX197f+dRcZaPw="
    }
  }
}
